PODS:
  - Alamofire (4.4.0)
  - Pager (1.1.1)
  - Pulley (1.3.1)
  - SwiftyJSON (3.1.4)

DEPENDENCIES:
  - Alamofire
  - Pager
  - Pulley
  - SwiftyJSON

SPEC CHECKSUMS:
  Alamofire: dc44b1600b800eb63da6a19039a0083d62a6a62d
  Pager: 776fec79ffeb21a3b82c40a44b77d3c799308e19
  Pulley: 99a45ad8aba14dafb2c6f4f16cb9667eb41c0919
  SwiftyJSON: c2842d878f95482ffceec5709abc3d05680c0220

PODFILE CHECKSUM: d2e001cb5c19f80d08aefcf74efd13240863adc8

COCOAPODS: 1.1.1
