// !$*UTF8*$!
{
	archiveVersion = 1;
	classes = {
	};
	objectVersion = 46;
	objects = {

/* Begin PBXBuildFile section */
		3B38261045B84CF816F14D5B /* Pods_ICGT_ScannerUITests.framework in Frameworks */ = {isa = PBXBuildFile; fileRef = 88C16955043B72536E624573 /* Pods_ICGT_ScannerUITests.framework */; };
		46C6750DC70C89DA4431AE85 /* Pods_ICGT_Scanner.framework in Frameworks */ = {isa = PBXBuildFile; fileRef = 1F0774ADC2BDF21DB013718E /* Pods_ICGT_Scanner.framework */; };
		7F4133FCAB446B09428521A7 /* Pods_ICGT_ScannerTests.framework in Frameworks */ = {isa = PBXBuildFile; fileRef = 1488EF829EA92A92D4CF607F /* Pods_ICGT_ScannerTests.framework */; };
		9A0E22B01E5FCB57008723E3 /* QRCodeScannerViewController.swift in Sources */ = {isa = PBXBuildFile; fileRef = 9A0E22AF1E5FCB57008723E3 /* QRCodeScannerViewController.swift */; };
		9A11953B1E8038B100D76A3D /* Extension.swift in Sources */ = {isa = PBXBuildFile; fileRef = 9A11953A1E8038B100D76A3D /* Extension.swift */; };
		9A1195601E80453500D76A3D /* UserModel.xcdatamodeld in Sources */ = {isa = PBXBuildFile; fileRef = 9A11953C1E80413100D76A3D /* UserModel.xcdatamodeld */; };
		9A1195611E80453700D76A3D /* UserModel.xcdatamodeld in Sources */ = {isa = PBXBuildFile; fileRef = 9A11953C1E80413100D76A3D /* UserModel.xcdatamodeld */; };
		9A1195621E80453700D76A3D /* UserModel.xcdatamodeld in Sources */ = {isa = PBXBuildFile; fileRef = 9A11953C1E80413100D76A3D /* UserModel.xcdatamodeld */; };
		9A26A41C1E6514E4003E5C95 /* URLStruct.swift in Sources */ = {isa = PBXBuildFile; fileRef = 9A26A41B1E6514E4003E5C95 /* URLStruct.swift */; };
		9A5FB7D11E7C7F790021B7D5 /* Match_TableViewCell.swift in Sources */ = {isa = PBXBuildFile; fileRef = 9A5FB7D01E7C7F790021B7D5 /* Match_TableViewCell.swift */; };
		9A6B3C5C1E5EA2C400A3E5AC /* AppDelegate.swift in Sources */ = {isa = PBXBuildFile; fileRef = 9A6B3C5B1E5EA2C400A3E5AC /* AppDelegate.swift */; };
		9A6B3C5E1E5EA2C400A3E5AC /* LoginViewController.swift in Sources */ = {isa = PBXBuildFile; fileRef = 9A6B3C5D1E5EA2C400A3E5AC /* LoginViewController.swift */; };
		9A6B3C611E5EA2C400A3E5AC /* Main.storyboard in Resources */ = {isa = PBXBuildFile; fileRef = 9A6B3C5F1E5EA2C400A3E5AC /* Main.storyboard */; };
		9A6B3C631E5EA2C400A3E5AC /* Assets.xcassets in Resources */ = {isa = PBXBuildFile; fileRef = 9A6B3C621E5EA2C400A3E5AC /* Assets.xcassets */; };
		9A6B3C661E5EA2C400A3E5AC /* LaunchScreen.storyboard in Resources */ = {isa = PBXBuildFile; fileRef = 9A6B3C641E5EA2C400A3E5AC /* LaunchScreen.storyboard */; };
		9A6B3C711E5EA2C400A3E5AC /* India_Club_at_Georgia_TechTests.swift in Sources */ = {isa = PBXBuildFile; fileRef = 9A6B3C701E5EA2C400A3E5AC /* India_Club_at_Georgia_TechTests.swift */; };
		9A6B3C7C1E5EA2C400A3E5AC /* India_Club_at_Georgia_TechUITests.swift in Sources */ = {isa = PBXBuildFile; fileRef = 9A6B3C7B1E5EA2C400A3E5AC /* India_Club_at_Georgia_TechUITests.swift */; };
		9A6B3C8A1E5EACAE00A3E5AC /* GradientView.swift in Sources */ = {isa = PBXBuildFile; fileRef = 9A6B3C891E5EACAE00A3E5AC /* GradientView.swift */; };
		9A6F62D41E7F3DAD00276684 /* PagerUIViewController.swift in Sources */ = {isa = PBXBuildFile; fileRef = 9A6F62D31E7F3DAD00276684 /* PagerUIViewController.swift */; };
		9A6F62D81E7F86FA00276684 /* StatsViewController.swift in Sources */ = {isa = PBXBuildFile; fileRef = 9A6F62D71E7F86FA00276684 /* StatsViewController.swift */; };
		9A6F62DE1E7F9BB400276684 /* FoundViewController.swift in Sources */ = {isa = PBXBuildFile; fileRef = 9A6F62DD1E7F9BB400276684 /* FoundViewController.swift */; };
		9A6F62E01E7F9BD600276684 /* NameViewController.swift in Sources */ = {isa = PBXBuildFile; fileRef = 9A6F62DF1E7F9BD600276684 /* NameViewController.swift */; };
		9A6F62E21E7F9F8B00276684 /* Attendee_TableViewCell.swift in Sources */ = {isa = PBXBuildFile; fileRef = 9A6F62E11E7F9F8B00276684 /* Attendee_TableViewCell.swift */; };
		9A6F62E41E7F9FD200276684 /* Details_TableViewCell.swift in Sources */ = {isa = PBXBuildFile; fileRef = 9A6F62E31E7F9FD200276684 /* Details_TableViewCell.swift */; };
		9A6F62E61E7FA1D600276684 /* Button_TableViewCell.swift in Sources */ = {isa = PBXBuildFile; fileRef = 9A6F62E51E7FA1D600276684 /* Button_TableViewCell.swift */; };
		9A6F62E81E7FAD0600276684 /* Checkin_TableViewCell.swift in Sources */ = {isa = PBXBuildFile; fileRef = 9A6F62E71E7FAD0600276684 /* Checkin_TableViewCell.swift */; };
		9ABB371E1E663CD50077E951 /* SearchViewController.swift in Sources */ = {isa = PBXBuildFile; fileRef = 9ABB371D1E663CD50077E951 /* SearchViewController.swift */; };
		9AC3020C1E7B89F600F26E1D /* Counts_TableViewCell.swift in Sources */ = {isa = PBXBuildFile; fileRef = 9AC3020B1E7B89F600F26E1D /* Counts_TableViewCell.swift */; };
/* End PBXBuildFile section */

/* Begin PBXContainerItemProxy section */
		9A6B3C6D1E5EA2C400A3E5AC /* PBXContainerItemProxy */ = {
			isa = PBXContainerItemProxy;
			containerPortal = 9A6B3C501E5EA2C300A3E5AC /* Project object */;
			proxyType = 1;
			remoteGlobalIDString = 9A6B3C571E5EA2C300A3E5AC;
			remoteInfo = "India Club at Georgia Tech";
		};
		9A6B3C781E5EA2C400A3E5AC /* PBXContainerItemProxy */ = {
			isa = PBXContainerItemProxy;
			containerPortal = 9A6B3C501E5EA2C300A3E5AC /* Project object */;
			proxyType = 1;
			remoteGlobalIDString = 9A6B3C571E5EA2C300A3E5AC;
			remoteInfo = "India Club at Georgia Tech";
		};
/* End PBXContainerItemProxy section */

/* Begin PBXFileReference section */
		0D0AEA132E6530478DDCFE1C /* Pods-ICGT ScannerUITests.release.xcconfig */ = {isa = PBXFileReference; includeInIndex = 1; lastKnownFileType = text.xcconfig; name = "Pods-ICGT ScannerUITests.release.xcconfig"; path = "Pods/Target Support Files/Pods-ICGT ScannerUITests/Pods-ICGT ScannerUITests.release.xcconfig"; sourceTree = "<group>"; };
		1488EF829EA92A92D4CF607F /* Pods_ICGT_ScannerTests.framework */ = {isa = PBXFileReference; explicitFileType = wrapper.framework; includeInIndex = 0; path = Pods_ICGT_ScannerTests.framework; sourceTree = BUILT_PRODUCTS_DIR; };
		1F0774ADC2BDF21DB013718E /* Pods_ICGT_Scanner.framework */ = {isa = PBXFileReference; explicitFileType = wrapper.framework; includeInIndex = 0; path = Pods_ICGT_Scanner.framework; sourceTree = BUILT_PRODUCTS_DIR; };
		4957046933A7BF2FA096E9A7 /* Pods-ICGT Scanner.debug.xcconfig */ = {isa = PBXFileReference; includeInIndex = 1; lastKnownFileType = text.xcconfig; name = "Pods-ICGT Scanner.debug.xcconfig"; path = "Pods/Target Support Files/Pods-ICGT Scanner/Pods-ICGT Scanner.debug.xcconfig"; sourceTree = "<group>"; };
		7DAF6556D28F0412A328A96B /* Pods-ICGT ScannerTests.release.xcconfig */ = {isa = PBXFileReference; includeInIndex = 1; lastKnownFileType = text.xcconfig; name = "Pods-ICGT ScannerTests.release.xcconfig"; path = "Pods/Target Support Files/Pods-ICGT ScannerTests/Pods-ICGT ScannerTests.release.xcconfig"; sourceTree = "<group>"; };
		88C16955043B72536E624573 /* Pods_ICGT_ScannerUITests.framework */ = {isa = PBXFileReference; explicitFileType = wrapper.framework; includeInIndex = 0; path = Pods_ICGT_ScannerUITests.framework; sourceTree = BUILT_PRODUCTS_DIR; };
		9A0E22AF1E5FCB57008723E3 /* QRCodeScannerViewController.swift */ = {isa = PBXFileReference; fileEncoding = 4; lastKnownFileType = sourcecode.swift; path = QRCodeScannerViewController.swift; sourceTree = "<group>"; };
		9A11953A1E8038B100D76A3D /* Extension.swift */ = {isa = PBXFileReference; fileEncoding = 4; lastKnownFileType = sourcecode.swift; path = Extension.swift; sourceTree = "<group>"; };
		9A11953D1E80413100D76A3D /* UserModel.xcdatamodel */ = {isa = PBXFileReference; lastKnownFileType = wrapper.xcdatamodel; path = UserModel.xcdatamodel; sourceTree = "<group>"; };
		9A26A41B1E6514E4003E5C95 /* URLStruct.swift */ = {isa = PBXFileReference; fileEncoding = 4; lastKnownFileType = sourcecode.swift; path = URLStruct.swift; sourceTree = "<group>"; };
		9A5FB7D01E7C7F790021B7D5 /* Match_TableViewCell.swift */ = {isa = PBXFileReference; fileEncoding = 4; lastKnownFileType = sourcecode.swift; path = Match_TableViewCell.swift; sourceTree = "<group>"; };
		9A6B3C581E5EA2C400A3E5AC /* ICGT Scanner.app */ = {isa = PBXFileReference; explicitFileType = wrapper.application; includeInIndex = 0; path = "ICGT Scanner.app"; sourceTree = BUILT_PRODUCTS_DIR; };
		9A6B3C5B1E5EA2C400A3E5AC /* AppDelegate.swift */ = {isa = PBXFileReference; lastKnownFileType = sourcecode.swift; path = AppDelegate.swift; sourceTree = "<group>"; };
		9A6B3C5D1E5EA2C400A3E5AC /* LoginViewController.swift */ = {isa = PBXFileReference; lastKnownFileType = sourcecode.swift; path = LoginViewController.swift; sourceTree = "<group>"; };
		9A6B3C601E5EA2C400A3E5AC /* Base */ = {isa = PBXFileReference; lastKnownFileType = file.storyboard; name = Base; path = Base.lproj/Main.storyboard; sourceTree = "<group>"; };
		9A6B3C621E5EA2C400A3E5AC /* Assets.xcassets */ = {isa = PBXFileReference; lastKnownFileType = folder.assetcatalog; path = Assets.xcassets; sourceTree = "<group>"; };
		9A6B3C651E5EA2C400A3E5AC /* Base */ = {isa = PBXFileReference; lastKnownFileType = file.storyboard; name = Base; path = Base.lproj/LaunchScreen.storyboard; sourceTree = "<group>"; };
		9A6B3C671E5EA2C400A3E5AC /* Info.plist */ = {isa = PBXFileReference; lastKnownFileType = text.plist.xml; path = Info.plist; sourceTree = "<group>"; };
		9A6B3C6C1E5EA2C400A3E5AC /* ICGT ScannerTests.xctest */ = {isa = PBXFileReference; explicitFileType = wrapper.cfbundle; includeInIndex = 0; path = "ICGT ScannerTests.xctest"; sourceTree = BUILT_PRODUCTS_DIR; };
		9A6B3C701E5EA2C400A3E5AC /* India_Club_at_Georgia_TechTests.swift */ = {isa = PBXFileReference; lastKnownFileType = sourcecode.swift; path = India_Club_at_Georgia_TechTests.swift; sourceTree = "<group>"; };
		9A6B3C721E5EA2C400A3E5AC /* Info.plist */ = {isa = PBXFileReference; lastKnownFileType = text.plist.xml; path = Info.plist; sourceTree = "<group>"; };
		9A6B3C771E5EA2C400A3E5AC /* ICGT ScannerUITests.xctest */ = {isa = PBXFileReference; explicitFileType = wrapper.cfbundle; includeInIndex = 0; path = "ICGT ScannerUITests.xctest"; sourceTree = BUILT_PRODUCTS_DIR; };
		9A6B3C7B1E5EA2C400A3E5AC /* India_Club_at_Georgia_TechUITests.swift */ = {isa = PBXFileReference; lastKnownFileType = sourcecode.swift; path = India_Club_at_Georgia_TechUITests.swift; sourceTree = "<group>"; };
		9A6B3C7D1E5EA2C400A3E5AC /* Info.plist */ = {isa = PBXFileReference; lastKnownFileType = text.plist.xml; path = Info.plist; sourceTree = "<group>"; };
		9A6B3C891E5EACAE00A3E5AC /* GradientView.swift */ = {isa = PBXFileReference; fileEncoding = 4; lastKnownFileType = sourcecode.swift; path = GradientView.swift; sourceTree = "<group>"; };
		9A6F62D31E7F3DAD00276684 /* PagerUIViewController.swift */ = {isa = PBXFileReference; fileEncoding = 4; lastKnownFileType = sourcecode.swift; path = PagerUIViewController.swift; sourceTree = "<group>"; };
		9A6F62D71E7F86FA00276684 /* StatsViewController.swift */ = {isa = PBXFileReference; fileEncoding = 4; lastKnownFileType = sourcecode.swift; path = StatsViewController.swift; sourceTree = "<group>"; };
		9A6F62DD1E7F9BB400276684 /* FoundViewController.swift */ = {isa = PBXFileReference; fileEncoding = 4; lastKnownFileType = sourcecode.swift; path = FoundViewController.swift; sourceTree = "<group>"; };
		9A6F62DF1E7F9BD600276684 /* NameViewController.swift */ = {isa = PBXFileReference; fileEncoding = 4; lastKnownFileType = sourcecode.swift; path = NameViewController.swift; sourceTree = "<group>"; };
		9A6F62E11E7F9F8B00276684 /* Attendee_TableViewCell.swift */ = {isa = PBXFileReference; fileEncoding = 4; lastKnownFileType = sourcecode.swift; path = Attendee_TableViewCell.swift; sourceTree = "<group>"; };
		9A6F62E31E7F9FD200276684 /* Details_TableViewCell.swift */ = {isa = PBXFileReference; fileEncoding = 4; lastKnownFileType = sourcecode.swift; path = Details_TableViewCell.swift; sourceTree = "<group>"; };
		9A6F62E51E7FA1D600276684 /* Button_TableViewCell.swift */ = {isa = PBXFileReference; fileEncoding = 4; lastKnownFileType = sourcecode.swift; path = Button_TableViewCell.swift; sourceTree = "<group>"; };
		9A6F62E71E7FAD0600276684 /* Checkin_TableViewCell.swift */ = {isa = PBXFileReference; fileEncoding = 4; lastKnownFileType = sourcecode.swift; path = Checkin_TableViewCell.swift; sourceTree = "<group>"; };
		9ABB371D1E663CD50077E951 /* SearchViewController.swift */ = {isa = PBXFileReference; fileEncoding = 4; lastKnownFileType = sourcecode.swift; path = SearchViewController.swift; sourceTree = "<group>"; };
		9AC3020B1E7B89F600F26E1D /* Counts_TableViewCell.swift */ = {isa = PBXFileReference; fileEncoding = 4; lastKnownFileType = sourcecode.swift; path = Counts_TableViewCell.swift; sourceTree = "<group>"; };
		ADD97D9299E499A050E500A5 /* Pods-ICGT ScannerUITests.debug.xcconfig */ = {isa = PBXFileReference; includeInIndex = 1; lastKnownFileType = text.xcconfig; name = "Pods-ICGT ScannerUITests.debug.xcconfig"; path = "Pods/Target Support Files/Pods-ICGT ScannerUITests/Pods-ICGT ScannerUITests.debug.xcconfig"; sourceTree = "<group>"; };
		BB475F24AA8452F8C2BE720C /* Pods-ICGT Scanner.release.xcconfig */ = {isa = PBXFileReference; includeInIndex = 1; lastKnownFileType = text.xcconfig; name = "Pods-ICGT Scanner.release.xcconfig"; path = "Pods/Target Support Files/Pods-ICGT Scanner/Pods-ICGT Scanner.release.xcconfig"; sourceTree = "<group>"; };
		CA6C5D738B650DB49D13C6A2 /* Pods-ICGT ScannerTests.debug.xcconfig */ = {isa = PBXFileReference; includeInIndex = 1; lastKnownFileType = text.xcconfig; name = "Pods-ICGT ScannerTests.debug.xcconfig"; path = "Pods/Target Support Files/Pods-ICGT ScannerTests/Pods-ICGT ScannerTests.debug.xcconfig"; sourceTree = "<group>"; };
/* End PBXFileReference section */

/* Begin PBXFrameworksBuildPhase section */
		9A6B3C551E5EA2C300A3E5AC /* Frameworks */ = {
			isa = PBXFrameworksBuildPhase;
			buildActionMask = 2147483647;
			files = (
				46C6750DC70C89DA4431AE85 /* Pods_ICGT_Scanner.framework in Frameworks */,
			);
			runOnlyForDeploymentPostprocessing = 0;
		};
		9A6B3C691E5EA2C400A3E5AC /* Frameworks */ = {
			isa = PBXFrameworksBuildPhase;
			buildActionMask = 2147483647;
			files = (
				7F4133FCAB446B09428521A7 /* Pods_ICGT_ScannerTests.framework in Frameworks */,
			);
			runOnlyForDeploymentPostprocessing = 0;
		};
		9A6B3C741E5EA2C400A3E5AC /* Frameworks */ = {
			isa = PBXFrameworksBuildPhase;
			buildActionMask = 2147483647;
			files = (
				3B38261045B84CF816F14D5B /* Pods_ICGT_ScannerUITests.framework in Frameworks */,
			);
			runOnlyForDeploymentPostprocessing = 0;
		};
/* End PBXFrameworksBuildPhase section */

/* Begin PBXGroup section */
		18949DEABD5443E6494BE768 /* Frameworks */ = {
			isa = PBXGroup;
			children = (
				1F0774ADC2BDF21DB013718E /* Pods_ICGT_Scanner.framework */,
				1488EF829EA92A92D4CF607F /* Pods_ICGT_ScannerTests.framework */,
				88C16955043B72536E624573 /* Pods_ICGT_ScannerUITests.framework */,
			);
			name = Frameworks;
			sourceTree = "<group>";
		};
		9A6B3C4F1E5EA2C300A3E5AC = {
			isa = PBXGroup;
			children = (
				9A6B3C5A1E5EA2C400A3E5AC /* India Club at Georgia Tech */,
				9A6B3C6F1E5EA2C400A3E5AC /* India Club at Georgia TechTests */,
				9A6B3C7A1E5EA2C400A3E5AC /* India Club at Georgia TechUITests */,
				9A6B3C591E5EA2C400A3E5AC /* Products */,
				B44BB3D03945BEFDB1063D41 /* Pods */,
				18949DEABD5443E6494BE768 /* Frameworks */,
			);
			sourceTree = "<group>";
		};
		9A6B3C591E5EA2C400A3E5AC /* Products */ = {
			isa = PBXGroup;
			children = (
				9A6B3C581E5EA2C400A3E5AC /* ICGT Scanner.app */,
				9A6B3C6C1E5EA2C400A3E5AC /* ICGT ScannerTests.xctest */,
				9A6B3C771E5EA2C400A3E5AC /* ICGT ScannerUITests.xctest */,
			);
			name = Products;
			sourceTree = "<group>";
		};
		9A6B3C5A1E5EA2C400A3E5AC /* India Club at Georgia Tech */ = {
			isa = PBXGroup;
			children = (
				9A6B3C5B1E5EA2C400A3E5AC /* AppDelegate.swift */,
				9A6B3C5F1E5EA2C400A3E5AC /* Main.storyboard */,
				9A6F62DF1E7F9BD600276684 /* NameViewController.swift */,
				9A6B3C5D1E5EA2C400A3E5AC /* LoginViewController.swift */,
				9A0E22AF1E5FCB57008723E3 /* QRCodeScannerViewController.swift */,
				9A6F62D31E7F3DAD00276684 /* PagerUIViewController.swift */,
				9A6F62DA1E7F9B7400276684 /* Pager View Controllers */,
				9A6F62D91E7F9B2A00276684 /* TableView Cells */,
				9A26A41B1E6514E4003E5C95 /* URLStruct.swift */,
				9A11953A1E8038B100D76A3D /* Extension.swift */,
				9A6B3C891E5EACAE00A3E5AC /* GradientView.swift */,
				9A11953C1E80413100D76A3D /* UserModel.xcdatamodeld */,
				9A6B3C621E5EA2C400A3E5AC /* Assets.xcassets */,
				9A6B3C641E5EA2C400A3E5AC /* LaunchScreen.storyboard */,
				9A6B3C671E5EA2C400A3E5AC /* Info.plist */,
			);
			path = "India Club at Georgia Tech";
			sourceTree = "<group>";
		};
		9A6B3C6F1E5EA2C400A3E5AC /* India Club at Georgia TechTests */ = {
			isa = PBXGroup;
			children = (
				9A6B3C701E5EA2C400A3E5AC /* India_Club_at_Georgia_TechTests.swift */,
				9A6B3C721E5EA2C400A3E5AC /* Info.plist */,
			);
			path = "India Club at Georgia TechTests";
			sourceTree = "<group>";
		};
		9A6B3C7A1E5EA2C400A3E5AC /* India Club at Georgia TechUITests */ = {
			isa = PBXGroup;
			children = (
				9A6B3C7B1E5EA2C400A3E5AC /* India_Club_at_Georgia_TechUITests.swift */,
				9A6B3C7D1E5EA2C400A3E5AC /* Info.plist */,
			);
			path = "India Club at Georgia TechUITests";
			sourceTree = "<group>";
		};
		9A6F62D91E7F9B2A00276684 /* TableView Cells */ = {
			isa = PBXGroup;
			children = (
				9A5FB7D01E7C7F790021B7D5 /* Match_TableViewCell.swift */,
				9AC3020B1E7B89F600F26E1D /* Counts_TableViewCell.swift */,
				9A6F62E11E7F9F8B00276684 /* Attendee_TableViewCell.swift */,
				9A6F62E31E7F9FD200276684 /* Details_TableViewCell.swift */,
				9A6F62E71E7FAD0600276684 /* Checkin_TableViewCell.swift */,
				9A6F62E51E7FA1D600276684 /* Button_TableViewCell.swift */,
			);
			name = "TableView Cells";
			sourceTree = "<group>";
		};
		9A6F62DA1E7F9B7400276684 /* Pager View Controllers */ = {
			isa = PBXGroup;
			children = (
				9A6F62D71E7F86FA00276684 /* StatsViewController.swift */,
				9ABB371D1E663CD50077E951 /* SearchViewController.swift */,
				9A6F62DD1E7F9BB400276684 /* FoundViewController.swift */,
			);
			name = "Pager View Controllers";
			sourceTree = "<group>";
		};
		B44BB3D03945BEFDB1063D41 /* Pods */ = {
			isa = PBXGroup;
			children = (
				4957046933A7BF2FA096E9A7 /* Pods-ICGT Scanner.debug.xcconfig */,
				BB475F24AA8452F8C2BE720C /* Pods-ICGT Scanner.release.xcconfig */,
				CA6C5D738B650DB49D13C6A2 /* Pods-ICGT ScannerTests.debug.xcconfig */,
				7DAF6556D28F0412A328A96B /* Pods-ICGT ScannerTests.release.xcconfig */,
				ADD97D9299E499A050E500A5 /* Pods-ICGT ScannerUITests.debug.xcconfig */,
				0D0AEA132E6530478DDCFE1C /* Pods-ICGT ScannerUITests.release.xcconfig */,
			);
			name = Pods;
			sourceTree = "<group>";
		};
/* End PBXGroup section */

/* Begin PBXNativeTarget section */
		9A6B3C571E5EA2C300A3E5AC /* ICGT Scanner */ = {
			isa = PBXNativeTarget;
			buildConfigurationList = 9A6B3C801E5EA2C400A3E5AC /* Build configuration list for PBXNativeTarget "ICGT Scanner" */;
			buildPhases = (
				2A439F2C35B83933C8714873 /* [CP] Check Pods Manifest.lock */,
				9A6B3C541E5EA2C300A3E5AC /* Sources */,
				9A6B3C551E5EA2C300A3E5AC /* Frameworks */,
				9A6B3C561E5EA2C300A3E5AC /* Resources */,
				2021C46674C04252F7DF38B5 /* [CP] Embed Pods Frameworks */,
				3A9F694AFA8FD607E69E4959 /* [CP] Copy Pods Resources */,
			);
			buildRules = (
			);
			dependencies = (
			);
			name = "ICGT Scanner";
			productName = "India Club at Georgia Tech";
			productReference = 9A6B3C581E5EA2C400A3E5AC /* ICGT Scanner.app */;
			productType = "com.apple.product-type.application";
		};
		9A6B3C6B1E5EA2C400A3E5AC /* ICGT ScannerTests */ = {
			isa = PBXNativeTarget;
			buildConfigurationList = 9A6B3C831E5EA2C400A3E5AC /* Build configuration list for PBXNativeTarget "ICGT ScannerTests" */;
			buildPhases = (
				386004849A1AD2F33182F402 /* [CP] Check Pods Manifest.lock */,
				9A6B3C681E5EA2C400A3E5AC /* Sources */,
				9A6B3C691E5EA2C400A3E5AC /* Frameworks */,
				9A6B3C6A1E5EA2C400A3E5AC /* Resources */,
				6C4E3E394C42104E72FC38F1 /* [CP] Embed Pods Frameworks */,
				627254E2743DE7874CE68F77 /* [CP] Copy Pods Resources */,
			);
			buildRules = (
			);
			dependencies = (
				9A6B3C6E1E5EA2C400A3E5AC /* PBXTargetDependency */,
			);
			name = "ICGT ScannerTests";
			productName = "India Club at Georgia TechTests";
			productReference = 9A6B3C6C1E5EA2C400A3E5AC /* ICGT ScannerTests.xctest */;
			productType = "com.apple.product-type.bundle.unit-test";
		};
		9A6B3C761E5EA2C400A3E5AC /* ICGT ScannerUITests */ = {
			isa = PBXNativeTarget;
			buildConfigurationList = 9A6B3C861E5EA2C400A3E5AC /* Build configuration list for PBXNativeTarget "ICGT ScannerUITests" */;
			buildPhases = (
				524AE1CBF31F09DFE64D3325 /* [CP] Check Pods Manifest.lock */,
				9A6B3C731E5EA2C400A3E5AC /* Sources */,
				9A6B3C741E5EA2C400A3E5AC /* Frameworks */,
				9A6B3C751E5EA2C400A3E5AC /* Resources */,
				3E83C117952F8D21BAE50389 /* [CP] Embed Pods Frameworks */,
				E4068F6E74436BFFD8723759 /* [CP] Copy Pods Resources */,
			);
			buildRules = (
			);
			dependencies = (
				9A6B3C791E5EA2C400A3E5AC /* PBXTargetDependency */,
			);
			name = "ICGT ScannerUITests";
			productName = "India Club at Georgia TechUITests";
			productReference = 9A6B3C771E5EA2C400A3E5AC /* ICGT ScannerUITests.xctest */;
			productType = "com.apple.product-type.bundle.ui-testing";
		};
/* End PBXNativeTarget section */

/* Begin PBXProject section */
		9A6B3C501E5EA2C300A3E5AC /* Project object */ = {
			isa = PBXProject;
			attributes = {
				LastSwiftUpdateCheck = 0820;
				LastUpgradeCheck = 0820;
				ORGANIZATIONNAME = "Varun Ballari";
				TargetAttributes = {
					9A6B3C571E5EA2C300A3E5AC = {
						CreatedOnToolsVersion = 8.2.1;
						DevelopmentTeam = E7386Y6UWH;
						ProvisioningStyle = Automatic;
					};
					9A6B3C6B1E5EA2C400A3E5AC = {
						CreatedOnToolsVersion = 8.2.1;
						DevelopmentTeam = E7386Y6UWH;
						ProvisioningStyle = Automatic;
						TestTargetID = 9A6B3C571E5EA2C300A3E5AC;
					};
					9A6B3C761E5EA2C400A3E5AC = {
						CreatedOnToolsVersion = 8.2.1;
						DevelopmentTeam = E7386Y6UWH;
						ProvisioningStyle = Automatic;
						TestTargetID = 9A6B3C571E5EA2C300A3E5AC;
					};
				};
			};
			buildConfigurationList = 9A6B3C531E5EA2C300A3E5AC /* Build configuration list for PBXProject "ICGT Scanner" */;
			compatibilityVersion = "Xcode 3.2";
			developmentRegion = English;
			hasScannedForEncodings = 0;
			knownRegions = (
				en,
				Base,
			);
			mainGroup = 9A6B3C4F1E5EA2C300A3E5AC;
			productRefGroup = 9A6B3C591E5EA2C400A3E5AC /* Products */;
			projectDirPath = "";
			projectRoot = "";
			targets = (
				9A6B3C571E5EA2C300A3E5AC /* ICGT Scanner */,
				9A6B3C6B1E5EA2C400A3E5AC /* ICGT ScannerTests */,
				9A6B3C761E5EA2C400A3E5AC /* ICGT ScannerUITests */,
			);
		};
/* End PBXProject section */

/* Begin PBXResourcesBuildPhase section */
		9A6B3C561E5EA2C300A3E5AC /* Resources */ = {
			isa = PBXResourcesBuildPhase;
			buildActionMask = 2147483647;
			files = (
				9A6B3C661E5EA2C400A3E5AC /* LaunchScreen.storyboard in Resources */,
				9A6B3C631E5EA2C400A3E5AC /* Assets.xcassets in Resources */,
				9A6B3C611E5EA2C400A3E5AC /* Main.storyboard in Resources */,
			);
			runOnlyForDeploymentPostprocessing = 0;
		};
		9A6B3C6A1E5EA2C400A3E5AC /* Resources */ = {
			isa = PBXResourcesBuildPhase;
			buildActionMask = 2147483647;
			files = (
			);
			runOnlyForDeploymentPostprocessing = 0;
		};
		9A6B3C751E5EA2C400A3E5AC /* Resources */ = {
			isa = PBXResourcesBuildPhase;
			buildActionMask = 2147483647;
			files = (
			);
			runOnlyForDeploymentPostprocessing = 0;
		};
/* End PBXResourcesBuildPhase section */

/* Begin PBXShellScriptBuildPhase section */
		2021C46674C04252F7DF38B5 /* [CP] Embed Pods Frameworks */ = {
			isa = PBXShellScriptBuildPhase;
			buildActionMask = 2147483647;
			files = (
			);
			inputPaths = (
			);
			name = "[CP] Embed Pods Frameworks";
			outputPaths = (
			);
			runOnlyForDeploymentPostprocessing = 0;
			shellPath = /bin/sh;
			shellScript = "\"${SRCROOT}/Pods/Target Support Files/Pods-ICGT Scanner/Pods-ICGT Scanner-frameworks.sh\"\n";
			showEnvVarsInLog = 0;
		};
		2A439F2C35B83933C8714873 /* [CP] Check Pods Manifest.lock */ = {
			isa = PBXShellScriptBuildPhase;
			buildActionMask = 2147483647;
			files = (
			);
			inputPaths = (
			);
			name = "[CP] Check Pods Manifest.lock";
			outputPaths = (
			);
			runOnlyForDeploymentPostprocessing = 0;
			shellPath = /bin/sh;
			shellScript = "diff \"${PODS_ROOT}/../Podfile.lock\" \"${PODS_ROOT}/Manifest.lock\" > /dev/null\nif [ $? != 0 ] ; then\n    # print error to STDERR\n    echo \"error: The sandbox is not in sync with the Podfile.lock. Run 'pod install' or update your CocoaPods installation.\" >&2\n    exit 1\nfi\n";
			showEnvVarsInLog = 0;
		};
		386004849A1AD2F33182F402 /* [CP] Check Pods Manifest.lock */ = {
			isa = PBXShellScriptBuildPhase;
			buildActionMask = 2147483647;
			files = (
			);
			inputPaths = (
			);
			name = "[CP] Check Pods Manifest.lock";
			outputPaths = (
			);
			runOnlyForDeploymentPostprocessing = 0;
			shellPath = /bin/sh;
			shellScript = "diff \"${PODS_ROOT}/../Podfile.lock\" \"${PODS_ROOT}/Manifest.lock\" > /dev/null\nif [ $? != 0 ] ; then\n    # print error to STDERR\n    echo \"error: The sandbox is not in sync with the Podfile.lock. Run 'pod install' or update your CocoaPods installation.\" >&2\n    exit 1\nfi\n";
			showEnvVarsInLog = 0;
		};
		3A9F694AFA8FD607E69E4959 /* [CP] Copy Pods Resources */ = {
			isa = PBXShellScriptBuildPhase;
			buildActionMask = 2147483647;
			files = (
			);
			inputPaths = (
			);
			name = "[CP] Copy Pods Resources";
			outputPaths = (
			);
			runOnlyForDeploymentPostprocessing = 0;
			shellPath = /bin/sh;
			shellScript = "\"${SRCROOT}/Pods/Target Support Files/Pods-ICGT Scanner/Pods-ICGT Scanner-resources.sh\"\n";
			showEnvVarsInLog = 0;
		};
		3E83C117952F8D21BAE50389 /* [CP] Embed Pods Frameworks */ = {
			isa = PBXShellScriptBuildPhase;
			buildActionMask = 2147483647;
			files = (
			);
			inputPaths = (
			);
			name = "[CP] Embed Pods Frameworks";
			outputPaths = (
			);
			runOnlyForDeploymentPostprocessing = 0;
			shellPath = /bin/sh;
			shellScript = "\"${SRCROOT}/Pods/Target Support Files/Pods-ICGT ScannerUITests/Pods-ICGT ScannerUITests-frameworks.sh\"\n";
			showEnvVarsInLog = 0;
		};
		524AE1CBF31F09DFE64D3325 /* [CP] Check Pods Manifest.lock */ = {
			isa = PBXShellScriptBuildPhase;
			buildActionMask = 2147483647;
			files = (
			);
			inputPaths = (
			);
			name = "[CP] Check Pods Manifest.lock";
			outputPaths = (
			);
			runOnlyForDeploymentPostprocessing = 0;
			shellPath = /bin/sh;
			shellScript = "diff \"${PODS_ROOT}/../Podfile.lock\" \"${PODS_ROOT}/Manifest.lock\" > /dev/null\nif [ $? != 0 ] ; then\n    # print error to STDERR\n    echo \"error: The sandbox is not in sync with the Podfile.lock. Run 'pod install' or update your CocoaPods installation.\" >&2\n    exit 1\nfi\n";
			showEnvVarsInLog = 0;
		};
		627254E2743DE7874CE68F77 /* [CP] Copy Pods Resources */ = {
			isa = PBXShellScriptBuildPhase;
			buildActionMask = 2147483647;
			files = (
			);
			inputPaths = (
			);
			name = "[CP] Copy Pods Resources";
			outputPaths = (
			);
			runOnlyForDeploymentPostprocessing = 0;
			shellPath = /bin/sh;
			shellScript = "\"${SRCROOT}/Pods/Target Support Files/Pods-ICGT ScannerTests/Pods-ICGT ScannerTests-resources.sh\"\n";
			showEnvVarsInLog = 0;
		};
		6C4E3E394C42104E72FC38F1 /* [CP] Embed Pods Frameworks */ = {
			isa = PBXShellScriptBuildPhase;
			buildActionMask = 2147483647;
			files = (
			);
			inputPaths = (
			);
			name = "[CP] Embed Pods Frameworks";
			outputPaths = (
			);
			runOnlyForDeploymentPostprocessing = 0;
			shellPath = /bin/sh;
			shellScript = "\"${SRCROOT}/Pods/Target Support Files/Pods-ICGT ScannerTests/Pods-ICGT ScannerTests-frameworks.sh\"\n";
			showEnvVarsInLog = 0;
		};
		E4068F6E74436BFFD8723759 /* [CP] Copy Pods Resources */ = {
			isa = PBXShellScriptBuildPhase;
			buildActionMask = 2147483647;
			files = (
			);
			inputPaths = (
			);
			name = "[CP] Copy Pods Resources";
			outputPaths = (
			);
			runOnlyForDeploymentPostprocessing = 0;
			shellPath = /bin/sh;
			shellScript = "\"${SRCROOT}/Pods/Target Support Files/Pods-ICGT ScannerUITests/Pods-ICGT ScannerUITests-resources.sh\"\n";
			showEnvVarsInLog = 0;
		};
/* End PBXShellScriptBuildPhase section */

/* Begin PBXSourcesBuildPhase section */
		9A6B3C541E5EA2C300A3E5AC /* Sources */ = {
			isa = PBXSourcesBuildPhase;
			buildActionMask = 2147483647;
			files = (
				9A6F62D41E7F3DAD00276684 /* PagerUIViewController.swift in Sources */,
				9A26A41C1E6514E4003E5C95 /* URLStruct.swift in Sources */,
				9ABB371E1E663CD50077E951 /* SearchViewController.swift in Sources */,
				9A6F62E61E7FA1D600276684 /* Button_TableViewCell.swift in Sources */,
				9AC3020C1E7B89F600F26E1D /* Counts_TableViewCell.swift in Sources */,
				9A6F62E01E7F9BD600276684 /* NameViewController.swift in Sources */,
				9A6F62E21E7F9F8B00276684 /* Attendee_TableViewCell.swift in Sources */,
				9A6F62E41E7F9FD200276684 /* Details_TableViewCell.swift in Sources */,
				9A1195601E80453500D76A3D /* UserModel.xcdatamodeld in Sources */,
				9A6B3C5E1E5EA2C400A3E5AC /* LoginViewController.swift in Sources */,
				9A0E22B01E5FCB57008723E3 /* QRCodeScannerViewController.swift in Sources */,
				9A11953B1E8038B100D76A3D /* Extension.swift in Sources */,
				9A5FB7D11E7C7F790021B7D5 /* Match_TableViewCell.swift in Sources */,
				9A6B3C5C1E5EA2C400A3E5AC /* AppDelegate.swift in Sources */,
				9A6F62E81E7FAD0600276684 /* Checkin_TableViewCell.swift in Sources */,
				9A6F62D81E7F86FA00276684 /* StatsViewController.swift in Sources */,
				9A6B3C8A1E5EACAE00A3E5AC /* GradientView.swift in Sources */,
				9A6F62DE1E7F9BB400276684 /* FoundViewController.swift in Sources */,
			);
			runOnlyForDeploymentPostprocessing = 0;
		};
		9A6B3C681E5EA2C400A3E5AC /* Sources */ = {
			isa = PBXSourcesBuildPhase;
			buildActionMask = 2147483647;
			files = (
				9A1195611E80453700D76A3D /* UserModel.xcdatamodeld in Sources */,
				9A6B3C711E5EA2C400A3E5AC /* India_Club_at_Georgia_TechTests.swift in Sources */,
			);
			runOnlyForDeploymentPostprocessing = 0;
		};
		9A6B3C731E5EA2C400A3E5AC /* Sources */ = {
			isa = PBXSourcesBuildPhase;
			buildActionMask = 2147483647;
			files = (
				9A1195621E80453700D76A3D /* UserModel.xcdatamodeld in Sources */,
				9A6B3C7C1E5EA2C400A3E5AC /* India_Club_at_Georgia_TechUITests.swift in Sources */,
			);
			runOnlyForDeploymentPostprocessing = 0;
		};
/* End PBXSourcesBuildPhase section */

/* Begin PBXTargetDependency section */
		9A6B3C6E1E5EA2C400A3E5AC /* PBXTargetDependency */ = {
			isa = PBXTargetDependency;
			target = 9A6B3C571E5EA2C300A3E5AC /* ICGT Scanner */;
			targetProxy = 9A6B3C6D1E5EA2C400A3E5AC /* PBXContainerItemProxy */;
		};
		9A6B3C791E5EA2C400A3E5AC /* PBXTargetDependency */ = {
			isa = PBXTargetDependency;
			target = 9A6B3C571E5EA2C300A3E5AC /* ICGT Scanner */;
			targetProxy = 9A6B3C781E5EA2C400A3E5AC /* PBXContainerItemProxy */;
		};
/* End PBXTargetDependency section */

/* Begin PBXVariantGroup section */
		9A6B3C5F1E5EA2C400A3E5AC /* Main.storyboard */ = {
			isa = PBXVariantGroup;
			children = (
				9A6B3C601E5EA2C400A3E5AC /* Base */,
			);
			name = Main.storyboard;
			sourceTree = "<group>";
		};
		9A6B3C641E5EA2C400A3E5AC /* LaunchScreen.storyboard */ = {
			isa = PBXVariantGroup;
			children = (
				9A6B3C651E5EA2C400A3E5AC /* Base */,
			);
			name = LaunchScreen.storyboard;
			sourceTree = "<group>";
		};
/* End PBXVariantGroup section */

/* Begin XCBuildConfiguration section */
		9A6B3C7E1E5EA2C400A3E5AC /* Debug */ = {
			isa = XCBuildConfiguration;
			buildSettings = {
				ALWAYS_SEARCH_USER_PATHS = NO;
				CLANG_ANALYZER_NONNULL = YES;
				CLANG_CXX_LANGUAGE_STANDARD = "gnu++0x";
				CLANG_CXX_LIBRARY = "libc++";
				CLANG_ENABLE_MODULES = YES;
				CLANG_ENABLE_OBJC_ARC = YES;
				CLANG_WARN_BOOL_CONVERSION = YES;
				CLANG_WARN_CONSTANT_CONVERSION = YES;
				CLANG_WARN_DIRECT_OBJC_ISA_USAGE = YES_ERROR;
				CLANG_WARN_DOCUMENTATION_COMMENTS = YES;
				CLANG_WARN_EMPTY_BODY = YES;
				CLANG_WARN_ENUM_CONVERSION = YES;
				CLANG_WARN_INFINITE_RECURSION = YES;
				CLANG_WARN_INT_CONVERSION = YES;
				CLANG_WARN_OBJC_ROOT_CLASS = YES_ERROR;
				CLANG_WARN_SUSPICIOUS_MOVE = YES;
				CLANG_WARN_UNREACHABLE_CODE = YES;
				CLANG_WARN__DUPLICATE_METHOD_MATCH = YES;
				"CODE_SIGN_IDENTITY[sdk=iphoneos*]" = "iPhone Developer";
				COPY_PHASE_STRIP = NO;
				DEBUG_INFORMATION_FORMAT = dwarf;
				ENABLE_STRICT_OBJC_MSGSEND = YES;
				ENABLE_TESTABILITY = YES;
				GCC_C_LANGUAGE_STANDARD = gnu99;
				GCC_DYNAMIC_NO_PIC = NO;
				GCC_NO_COMMON_BLOCKS = YES;
				GCC_OPTIMIZATION_LEVEL = 0;
				GCC_PREPROCESSOR_DEFINITIONS = (
					"DEBUG=1",
					"$(inherited)",
				);
				GCC_WARN_64_TO_32_BIT_CONVERSION = YES;
				GCC_WARN_ABOUT_RETURN_TYPE = YES_ERROR;
				GCC_WARN_UNDECLARED_SELECTOR = YES;
				GCC_WARN_UNINITIALIZED_AUTOS = YES_AGGRESSIVE;
				GCC_WARN_UNUSED_FUNCTION = YES;
				GCC_WARN_UNUSED_VARIABLE = YES;
				IPHONEOS_DEPLOYMENT_TARGET = 10.2;
				MTL_ENABLE_DEBUG_INFO = YES;
				ONLY_ACTIVE_ARCH = YES;
				SDKROOT = iphoneos;
				SWIFT_ACTIVE_COMPILATION_CONDITIONS = DEBUG;
				SWIFT_OPTIMIZATION_LEVEL = "-Onone";
				TARGETED_DEVICE_FAMILY = "1,2";
			};
			name = Debug;
		};
		9A6B3C7F1E5EA2C400A3E5AC /* Release */ = {
			isa = XCBuildConfiguration;
			buildSettings = {
				ALWAYS_SEARCH_USER_PATHS = NO;
				CLANG_ANALYZER_NONNULL = YES;
				CLANG_CXX_LANGUAGE_STANDARD = "gnu++0x";
				CLANG_CXX_LIBRARY = "libc++";
				CLANG_ENABLE_MODULES = YES;
				CLANG_ENABLE_OBJC_ARC = YES;
				CLANG_WARN_BOOL_CONVERSION = YES;
				CLANG_WARN_CONSTANT_CONVERSION = YES;
				CLANG_WARN_DIRECT_OBJC_ISA_USAGE = YES_ERROR;
				CLANG_WARN_DOCUMENTATION_COMMENTS = YES;
				CLANG_WARN_EMPTY_BODY = YES;
				CLANG_WARN_ENUM_CONVERSION = YES;
				CLANG_WARN_INFINITE_RECURSION = YES;
				CLANG_WARN_INT_CONVERSION = YES;
				CLANG_WARN_OBJC_ROOT_CLASS = YES_ERROR;
				CLANG_WARN_SUSPICIOUS_MOVE = YES;
				CLANG_WARN_UNREACHABLE_CODE = YES;
				CLANG_WARN__DUPLICATE_METHOD_MATCH = YES;
				"CODE_SIGN_IDENTITY[sdk=iphoneos*]" = "iPhone Developer";
				COPY_PHASE_STRIP = NO;
				DEBUG_INFORMATION_FORMAT = "dwarf-with-dsym";
				ENABLE_NS_ASSERTIONS = NO;
				ENABLE_STRICT_OBJC_MSGSEND = YES;
				GCC_C_LANGUAGE_STANDARD = gnu99;
				GCC_NO_COMMON_BLOCKS = YES;
				GCC_WARN_64_TO_32_BIT_CONVERSION = YES;
				GCC_WARN_ABOUT_RETURN_TYPE = YES_ERROR;
				GCC_WARN_UNDECLARED_SELECTOR = YES;
				GCC_WARN_UNINITIALIZED_AUTOS = YES_AGGRESSIVE;
				GCC_WARN_UNUSED_FUNCTION = YES;
				GCC_WARN_UNUSED_VARIABLE = YES;
				IPHONEOS_DEPLOYMENT_TARGET = 10.2;
				MTL_ENABLE_DEBUG_INFO = NO;
				SDKROOT = iphoneos;
				SWIFT_OPTIMIZATION_LEVEL = "-Owholemodule";
				TARGETED_DEVICE_FAMILY = "1,2";
				VALIDATE_PRODUCT = YES;
			};
			name = Release;
		};
		9A6B3C811E5EA2C400A3E5AC /* Debug */ = {
			isa = XCBuildConfiguration;
			baseConfigurationReference = 4957046933A7BF2FA096E9A7 /* Pods-ICGT Scanner.debug.xcconfig */;
			buildSettings = {
				ASSETCATALOG_COMPILER_APPICON_NAME = AppIcon;
				DEVELOPMENT_TEAM = E7386Y6UWH;
				INFOPLIST_FILE = "India Club at Georgia Tech/Info.plist";
				LD_RUNPATH_SEARCH_PATHS = "$(inherited) @executable_path/Frameworks";
				PRODUCT_BUNDLE_IDENTIFIER = "Varun-Ballari.India-Club-at-Georgia-Tech";
				PRODUCT_NAME = "$(TARGET_NAME)";
				SWIFT_VERSION = 3.0;
			};
			name = Debug;
		};
		9A6B3C821E5EA2C400A3E5AC /* Release */ = {
			isa = XCBuildConfiguration;
			baseConfigurationReference = BB475F24AA8452F8C2BE720C /* Pods-ICGT Scanner.release.xcconfig */;
			buildSettings = {
				ASSETCATALOG_COMPILER_APPICON_NAME = AppIcon;
				DEVELOPMENT_TEAM = E7386Y6UWH;
				INFOPLIST_FILE = "India Club at Georgia Tech/Info.plist";
				LD_RUNPATH_SEARCH_PATHS = "$(inherited) @executable_path/Frameworks";
				PRODUCT_BUNDLE_IDENTIFIER = "Varun-Ballari.India-Club-at-Georgia-Tech";
				PRODUCT_NAME = "$(TARGET_NAME)";
				SWIFT_VERSION = 3.0;
			};
			name = Release;
		};
		9A6B3C841E5EA2C400A3E5AC /* Debug */ = {
			isa = XCBuildConfiguration;
			baseConfigurationReference = CA6C5D738B650DB49D13C6A2 /* Pods-ICGT ScannerTests.debug.xcconfig */;
			buildSettings = {
				ALWAYS_EMBED_SWIFT_STANDARD_LIBRARIES = YES;
				BUNDLE_LOADER = "$(TEST_HOST)";
				DEVELOPMENT_TEAM = E7386Y6UWH;
				INFOPLIST_FILE = "India Club at Georgia TechTests/Info.plist";
				LD_RUNPATH_SEARCH_PATHS = "$(inherited) @executable_path/Frameworks @loader_path/Frameworks";
				PRODUCT_BUNDLE_IDENTIFIER = "Varun-Ballari.India-Club-at-Georgia-TechTests";
				PRODUCT_NAME = "$(TARGET_NAME)";
				SWIFT_VERSION = 3.0;
				TEST_HOST = "$(BUILT_PRODUCTS_DIR)/ICGT Scanner.app/ICGT Scanner";
			};
			name = Debug;
		};
		9A6B3C851E5EA2C400A3E5AC /* Release */ = {
			isa = XCBuildConfiguration;
			baseConfigurationReference = 7DAF6556D28F0412A328A96B /* Pods-ICGT ScannerTests.release.xcconfig */;
			buildSettings = {
				ALWAYS_EMBED_SWIFT_STANDARD_LIBRARIES = YES;
				BUNDLE_LOADER = "$(TEST_HOST)";
				DEVELOPMENT_TEAM = E7386Y6UWH;
				INFOPLIST_FILE = "India Club at Georgia TechTests/Info.plist";
				LD_RUNPATH_SEARCH_PATHS = "$(inherited) @executable_path/Frameworks @loader_path/Frameworks";
				PRODUCT_BUNDLE_IDENTIFIER = "Varun-Ballari.India-Club-at-Georgia-TechTests";
				PRODUCT_NAME = "$(TARGET_NAME)";
				SWIFT_VERSION = 3.0;
				TEST_HOST = "$(BUILT_PRODUCTS_DIR)/ICGT Scanner.app/ICGT Scanner";
			};
			name = Release;
		};
		9A6B3C871E5EA2C400A3E5AC /* Debug */ = {
			isa = XCBuildConfiguration;
			baseConfigurationReference = ADD97D9299E499A050E500A5 /* Pods-ICGT ScannerUITests.debug.xcconfig */;
			buildSettings = {
				ALWAYS_EMBED_SWIFT_STANDARD_LIBRARIES = YES;
				DEVELOPMENT_TEAM = E7386Y6UWH;
				INFOPLIST_FILE = "India Club at Georgia TechUITests/Info.plist";
				LD_RUNPATH_SEARCH_PATHS = "$(inherited) @executable_path/Frameworks @loader_path/Frameworks";
				PRODUCT_BUNDLE_IDENTIFIER = "Varun-Ballari.India-Club-at-Georgia-TechUITests";
				PRODUCT_NAME = "$(TARGET_NAME)";
				SWIFT_VERSION = 3.0;
				TEST_TARGET_NAME = "India Club at Georgia Tech";
			};
			name = Debug;
		};
		9A6B3C881E5EA2C400A3E5AC /* Release */ = {
			isa = XCBuildConfiguration;
			baseConfigurationReference = 0D0AEA132E6530478DDCFE1C /* Pods-ICGT ScannerUITests.release.xcconfig */;
			buildSettings = {
				ALWAYS_EMBED_SWIFT_STANDARD_LIBRARIES = YES;
				DEVELOPMENT_TEAM = E7386Y6UWH;
				INFOPLIST_FILE = "India Club at Georgia TechUITests/Info.plist";
				LD_RUNPATH_SEARCH_PATHS = "$(inherited) @executable_path/Frameworks @loader_path/Frameworks";
				PRODUCT_BUNDLE_IDENTIFIER = "Varun-Ballari.India-Club-at-Georgia-TechUITests";
				PRODUCT_NAME = "$(TARGET_NAME)";
				SWIFT_VERSION = 3.0;
				TEST_TARGET_NAME = "India Club at Georgia Tech";
			};
			name = Release;
		};
/* End XCBuildConfiguration section */

/* Begin XCConfigurationList section */
		9A6B3C531E5EA2C300A3E5AC /* Build configuration list for PBXProject "ICGT Scanner" */ = {
			isa = XCConfigurationList;
			buildConfigurations = (
				9A6B3C7E1E5EA2C400A3E5AC /* Debug */,
				9A6B3C7F1E5EA2C400A3E5AC /* Release */,
			);
			defaultConfigurationIsVisible = 0;
			defaultConfigurationName = Release;
		};
		9A6B3C801E5EA2C400A3E5AC /* Build configuration list for PBXNativeTarget "ICGT Scanner" */ = {
			isa = XCConfigurationList;
			buildConfigurations = (
				9A6B3C811E5EA2C400A3E5AC /* Debug */,
				9A6B3C821E5EA2C400A3E5AC /* Release */,
			);
			defaultConfigurationIsVisible = 0;
			defaultConfigurationName = Release;
		};
		9A6B3C831E5EA2C400A3E5AC /* Build configuration list for PBXNativeTarget "ICGT ScannerTests" */ = {
			isa = XCConfigurationList;
			buildConfigurations = (
				9A6B3C841E5EA2C400A3E5AC /* Debug */,
				9A6B3C851E5EA2C400A3E5AC /* Release */,
			);
			defaultConfigurationIsVisible = 0;
			defaultConfigurationName = Release;
		};
		9A6B3C861E5EA2C400A3E5AC /* Build configuration list for PBXNativeTarget "ICGT ScannerUITests" */ = {
			isa = XCConfigurationList;
			buildConfigurations = (
				9A6B3C871E5EA2C400A3E5AC /* Debug */,
				9A6B3C881E5EA2C400A3E5AC /* Release */,
			);
			defaultConfigurationIsVisible = 0;
			defaultConfigurationName = Release;
		};
/* End XCConfigurationList section */

/* Begin XCVersionGroup section */
		9A11953C1E80413100D76A3D /* UserModel.xcdatamodeld */ = {
			isa = XCVersionGroup;
			children = (
				9A11953D1E80413100D76A3D /* UserModel.xcdatamodel */,
			);
			currentVersion = 9A11953D1E80413100D76A3D /* UserModel.xcdatamodel */;
			path = UserModel.xcdatamodeld;
			sourceTree = "<group>";
			versionGroupType = wrapper.xcdatamodel;
		};
/* End XCVersionGroup section */
	};
	rootObject = 9A6B3C501E5EA2C300A3E5AC /* Project object */;
}
